<Solution>
  <Folder Name="/src/">
    <Project Path="src/MafDemo.AgentCommon/MafDemo.AgentCommon.csproj" />
    <Project Path="src/MafDemo.Core/MafDemo.Core.csproj" />
    <Project Path="src/P01.HelloAgent/P01.HelloAgent.csproj" />
    <Project Path="src/P02.TicketTools/P02.TicketTools.csproj" />
    <Project Path="src/P03.SessionChat/P03.SessionChat.csproj" />
    <Project Path="src/P04.HandbookRag/P04.HandbookRag.csproj" />
    <Project Path="src/P05.GuardrailMiddleware/P05.GuardrailMiddleware.csproj" />
    <Project Path="src/P06.TriageComposition/P06.TriageComposition.csproj" />
    <Project Path="src/P07.ResolutionWorkflow/P07.ResolutionWorkflow.csproj" />
    <Project Path="src/P08.HarnessAgent/P08.HarnessAgent.csproj" />
    <Project Path="src/P09.DurableHost/P09.DurableHost.csproj" />
    <Project Path="src/P09.HelpDeskClient/P09.HelpDeskClient.csproj" />
    <Project Path="src/P09.InventoryAgentService/P09.InventoryAgentService.csproj" />
    <Project Path="src/P10.HelpDeskCapstone/P10.HelpDeskCapstone.csproj" />
    <Project Path="src/P11.StructuredOutput/P11.StructuredOutput.csproj" />
    <Project Path="src/P12.McpKnowledgeServer/P12.McpKnowledgeServer.csproj" />
    <Project Path="src/P13.StreamingApproval/P13.StreamingApproval.csproj" />
    <Project Path="src/P14.SemanticMemory/P14.SemanticMemory.csproj" />
  </Folder>
  <Folder Name="/tests/">
    <Project Path="tests/MafDemo.Core.Tests/MafDemo.Core.Tests.csproj" />
    <Project Path="tests/P02.TicketTools.Tests/P02.TicketTools.Tests.csproj" />
    <Project Path="tests/P05.GuardrailMiddleware.Tests/P05.GuardrailMiddleware.Tests.csproj" />
    <Project Path="tests/P06.TriageComposition.Tests/P06.TriageComposition.Tests.csproj" />
    <Project Path="tests/P07.ResolutionWorkflow.Tests/P07.ResolutionWorkflow.Tests.csproj" />
    <Project Path="tests/P08.HarnessAgent.Tests/P08.HarnessAgent.Tests.csproj" />
    <Project Path="tests/P11.StructuredOutput.Tests/P11.StructuredOutput.Tests.csproj" />
    <Project Path="tests/P13.StreamingApproval.Tests/P13.StreamingApproval.Tests.csproj" />
    <Project Path="tests/P14.SemanticMemory.Tests/P14.SemanticMemory.Tests.csproj" />
  </Folder>
</Solution>
